// !$*UTF8*$!
{
	archiveVersion = 1;
	classes = {
	};
	objectVersion = 55;
	objects = {

/* Begin PBXBuildFile section */
		B95FFF87281CC995007D39A0 /* TinyConstraints in Frameworks */ = {isa = PBXBuildFile; productRef = B95FFF86281CC995007D39A0 /* TinyConstraints */; };
		B9979EF7281B98DE00C3A8C7 /* Charts in Frameworks */ = {isa = PBXBuildFile; productRef = B9979EF6281B98DE00C3A8C7 /* Charts */; };
		F8353102282A324A00D0E37E /* suggestions.csv in Resources */ = {isa = PBXBuildFile; fileRef = F8353101282A324A00D0E37E /* suggestions.csv */; };
		F844AE0D28189838000FBCF1 /* activity.csv in Resources */ = {isa = PBXBuildFile; fileRef = F844AE0C28189838000FBCF1 /* activity.csv */; };
		F844AEF7281B492F000FBCF1 /* ActivityInfoViewController.swift in Sources */ = {isa = PBXBuildFile; fileRef = F844AEF5281B492F000FBCF1 /* ActivityInfoViewController.swift */; };
		F844AEF8281B492F000FBCF1 /* ActivityInfoViewController.xib in Resources */ = {isa = PBXBuildFile; fileRef = F844AEF6281B492F000FBCF1 /* ActivityInfoViewController.xib */; };
		F84575BD28020DB900590F5C /* AppDelegate.swift in Sources */ = {isa = PBXBuildFile; fileRef = F84575BC28020DB900590F5C /* AppDelegate.swift */; };
		F84575BF28020DB900590F5C /* SceneDelegate.swift in Sources */ = {isa = PBXBuildFile; fileRef = F84575BE28020DB900590F5C /* SceneDelegate.swift */; };
		F84575C128020DB900590F5C /* LoginViewController.swift in Sources */ = {isa = PBXBuildFile; fileRef = F84575C028020DB900590F5C /* LoginViewController.swift */; };
		F84575C428020DB900590F5C /* Main.storyboard in Resources */ = {isa = PBXBuildFile; fileRef = F84575C228020DB900590F5C /* Main.storyboard */; };
		F84575C728020DB900590F5C /* HealthPRO.xcdatamodeld in Sources */ = {isa = PBXBuildFile; fileRef = F84575C528020DB900590F5C /* HealthPRO.xcdatamodeld */; };
		F84575C928020DBB00590F5C /* Assets.xcassets in Resources */ = {isa = PBXBuildFile; fileRef = F84575C828020DBB00590F5C /* Assets.xcassets */; };
		F84575CC28020DBB00590F5C /* LaunchScreen.storyboard in Resources */ = {isa = PBXBuildFile; fileRef = F84575CA28020DBB00590F5C /* LaunchScreen.storyboard */; };
		F84575D728020DBB00590F5C /* HealthPROTests.swift in Sources */ = {isa = PBXBuildFile; fileRef = F84575D628020DBB00590F5C /* HealthPROTests.swift */; };
		F84575E128020DBB00590F5C /* HealthPROUITests.swift in Sources */ = {isa = PBXBuildFile; fileRef = F84575E028020DBB00590F5C /* HealthPROUITests.swift */; };
		F84575E328020DBB00590F5C /* HealthPROUITestsLaunchTests.swift in Sources */ = {isa = PBXBuildFile; fileRef = F84575E228020DBB00590F5C /* HealthPROUITestsLaunchTests.swift */; };
		F84575F12803E02E00590F5C /* Profile.storyboard in Resources */ = {isa = PBXBuildFile; fileRef = F84575F02803E02E00590F5C /* Profile.storyboard */; };
		F84575F32803E04700590F5C /* NutritionLabel.storyboard in Resources */ = {isa = PBXBuildFile; fileRef = F84575F22803E04700590F5C /* NutritionLabel.storyboard */; };
		F84575F52803E06A00590F5C /* Diet.storyboard in Resources */ = {isa = PBXBuildFile; fileRef = F84575F42803E06A00590F5C /* Diet.storyboard */; };
		F84575F72803E09100590F5C /* Exercise.storyboard in Resources */ = {isa = PBXBuildFile; fileRef = F84575F62803E09100590F5C /* Exercise.storyboard */; };
		F845760328040F6500590F5C /* ProfileViewController.swift in Sources */ = {isa = PBXBuildFile; fileRef = F845760228040F6500590F5C /* ProfileViewController.swift */; };
		F845760528040F7D00590F5C /* NutritionLabelViewController.swift in Sources */ = {isa = PBXBuildFile; fileRef = F845760428040F7D00590F5C /* NutritionLabelViewController.swift */; };
		F845760728040F8800590F5C /* DietViewController.swift in Sources */ = {isa = PBXBuildFile; fileRef = F845760628040F8800590F5C /* DietViewController.swift */; };
		F845760928040F9200590F5C /* ExerciseViewController.swift in Sources */ = {isa = PBXBuildFile; fileRef = F845760828040F9200590F5C /* ExerciseViewController.swift */; };
		F85C3516281209600068A5F5 /* Weather.swift in Sources */ = {isa = PBXBuildFile; fileRef = F85C3515281209600068A5F5 /* Weather.swift */; };
		F85C354028161C100068A5F5 /* nutrition.csv in Resources */ = {isa = PBXBuildFile; fileRef = F85C353F28161C100068A5F5 /* nutrition.csv */; };
		F861AF79280FADB300A73F28 /* DashboardViewController.swift in Sources */ = {isa = PBXBuildFile; fileRef = F861AF77280FADB300A73F28 /* DashboardViewController.swift */; };
		F861AF7C280FAF5B00A73F28 /* Dashboard.storyboard in Resources */ = {isa = PBXBuildFile; fileRef = F861AF7B280FAF5B00A73F28 /* Dashboard.storyboard */; };
		F861B9162807F6DA00874872 /* CoreDataHandler.swift in Sources */ = {isa = PBXBuildFile; fileRef = F861B9152807F6DA00874872 /* CoreDataHandler.swift */; };
		F861B92E280B774800874872 /* ParsedNutritionLabelViewController.swift in Sources */ = {isa = PBXBuildFile; fileRef = F861B92C280B774800874872 /* ParsedNutritionLabelViewController.swift */; };
		F861B92F280B774800874872 /* ParsedNutritionLabelViewController.xib in Resources */ = {isa = PBXBuildFile; fileRef = F861B92D280B774800874872 /* ParsedNutritionLabelViewController.xib */; };
		F88A675D281BA6F300758D11 /* LogNutritionAndActivityViewController.swift in Sources */ = {isa = PBXBuildFile; fileRef = F88A675B281BA6F300758D11 /* LogNutritionAndActivityViewController.swift */; };
		F88A675E281BA6F300758D11 /* LogNutritionAndActivityViewController.xib in Resources */ = {isa = PBXBuildFile; fileRef = F88A675C281BA6F300758D11 /* LogNutritionAndActivityViewController.xib */; };
		F8B2328128274F37007970B5 /* SuggestionViewController.swift in Sources */ = {isa = PBXBuildFile; fileRef = F8B2327F28274F37007970B5 /* SuggestionViewController.swift */; };
		F8B232842827507F007970B5 /* SuggestionViewController.storyboard in Resources */ = {isa = PBXBuildFile; fileRef = F8B232832827507F007970B5 /* SuggestionViewController.storyboard */; };
		F8B4C218281CB61C005810C9 /* UserHistoryViewController.storyboard in Resources */ = {isa = PBXBuildFile; fileRef = F8B4C217281CB61C005810C9 /* UserHistoryViewController.storyboard */; };
		F8B4C21A281CB8FF005810C9 /* UserHistoryViewController.swift in Sources */ = {isa = PBXBuildFile; fileRef = F8B4C219281CB8FF005810C9 /* UserHistoryViewController.swift */; };
/* End PBXBuildFile section */

/* Begin PBXContainerItemProxy section */
		F84575D328020DBB00590F5C /* PBXContainerItemProxy */ = {
			isa = PBXContainerItemProxy;
			containerPortal = F84575B128020DB900590F5C /* Project object */;
			proxyType = 1;
			remoteGlobalIDString = F84575B828020DB900590F5C;
			remoteInfo = HealthPRO;
		};
		F84575DD28020DBB00590F5C /* PBXContainerItemProxy */ = {
			isa = PBXContainerItemProxy;
			containerPortal = F84575B128020DB900590F5C /* Project object */;
			proxyType = 1;
			remoteGlobalIDString = F84575B828020DB900590F5C;
			remoteInfo = HealthPRO;
		};
/* End PBXContainerItemProxy section */

/* Begin PBXFileReference section */
		F8353101282A324A00D0E37E /* suggestions.csv */ = {isa = PBXFileReference; fileEncoding = 4; lastKnownFileType = text; path = suggestions.csv; sourceTree = "<group>"; };
		F844AE0C28189838000FBCF1 /* activity.csv */ = {isa = PBXFileReference; fileEncoding = 4; lastKnownFileType = text; path = activity.csv; sourceTree = "<group>"; };
		F844AEF5281B492F000FBCF1 /* ActivityInfoViewController.swift */ = {isa = PBXFileReference; lastKnownFileType = sourcecode.swift; path = ActivityInfoViewController.swift; sourceTree = "<group>"; };
		F844AEF6281B492F000FBCF1 /* ActivityInfoViewController.xib */ = {isa = PBXFileReference; lastKnownFileType = file.xib; path = ActivityInfoViewController.xib; sourceTree = "<group>"; };
		F84575B928020DB900590F5C /* HealthPRO.app */ = {isa = PBXFileReference; explicitFileType = wrapper.application; includeInIndex = 0; path = HealthPRO.app; sourceTree = BUILT_PRODUCTS_DIR; };
		F84575BC28020DB900590F5C /* AppDelegate.swift */ = {isa = PBXFileReference; lastKnownFileType = sourcecode.swift; path = AppDelegate.swift; sourceTree = "<group>"; };
		F84575BE28020DB900590F5C /* SceneDelegate.swift */ = {isa = PBXFileReference; lastKnownFileType = sourcecode.swift; path = SceneDelegate.swift; sourceTree = "<group>"; };
		F84575C028020DB900590F5C /* LoginViewController.swift */ = {isa = PBXFileReference; lastKnownFileType = sourcecode.swift; path = LoginViewController.swift; sourceTree = "<group>"; };
		F84575C328020DB900590F5C /* Base */ = {isa = PBXFileReference; lastKnownFileType = file.storyboard; name = Base; path = Base.lproj/Main.storyboard; sourceTree = "<group>"; };
		F84575C628020DB900590F5C /* HealthPRO.xcdatamodel */ = {isa = PBXFileReference; lastKnownFileType = wrapper.xcdatamodel; path = HealthPRO.xcdatamodel; sourceTree = "<group>"; };
		F84575C828020DBB00590F5C /* Assets.xcassets */ = {isa = PBXFileReference; lastKnownFileType = folder.assetcatalog; path = Assets.xcassets; sourceTree = "<group>"; };
		F84575CB28020DBB00590F5C /* Base */ = {isa = PBXFileReference; lastKnownFileType = file.storyboard; name = Base; path = Base.lproj/LaunchScreen.storyboard; sourceTree = "<group>"; };
		F84575CD28020DBB00590F5C /* Info.plist */ = {isa = PBXFileReference; lastKnownFileType = text.plist.xml; path = Info.plist; sourceTree = "<group>"; };
		F84575D228020DBB00590F5C /* HealthPROTests.xctest */ = {isa = PBXFileReference; explicitFileType = wrapper.cfbundle; includeInIndex = 0; path = HealthPROTests.xctest; sourceTree = BUILT_PRODUCTS_DIR; };
		F84575D628020DBB00590F5C /* HealthPROTests.swift */ = {isa = PBXFileReference; lastKnownFileType = sourcecode.swift; path = HealthPROTests.swift; sourceTree = "<group>"; };
		F84575DC28020DBB00590F5C /* HealthPROUITests.xctest */ = {isa = PBXFileReference; explicitFileType = wrapper.cfbundle; includeInIndex = 0; path = HealthPROUITests.xctest; sourceTree = BUILT_PRODUCTS_DIR; };
		F84575E028020DBB00590F5C /* HealthPROUITests.swift */ = {isa = PBXFileReference; lastKnownFileType = sourcecode.swift; path = HealthPROUITests.swift; sourceTree = "<group>"; };
		F84575E228020DBB00590F5C /* HealthPROUITestsLaunchTests.swift */ = {isa = PBXFileReference; lastKnownFileType = sourcecode.swift; path = HealthPROUITestsLaunchTests.swift; sourceTree = "<group>"; };
		F84575F02803E02E00590F5C /* Profile.storyboard */ = {isa = PBXFileReference; lastKnownFileType = file.storyboard; path = Profile.storyboard; sourceTree = "<group>"; };
		F84575F22803E04700590F5C /* NutritionLabel.storyboard */ = {isa = PBXFileReference; lastKnownFileType = file.storyboard; path = NutritionLabel.storyboard; sourceTree = "<group>"; };
		F84575F42803E06A00590F5C /* Diet.storyboard */ = {isa = PBXFileReference; lastKnownFileType = file.storyboard; path = Diet.storyboard; sourceTree = "<group>"; };
		F84575F62803E09100590F5C /* Exercise.storyboard */ = {isa = PBXFileReference; lastKnownFileType = file.storyboard; path = Exercise.storyboard; sourceTree = "<group>"; };
		F845760228040F6500590F5C /* ProfileViewController.swift */ = {isa = PBXFileReference; lastKnownFileType = sourcecode.swift; path = ProfileViewController.swift; sourceTree = "<group>"; };
		F845760428040F7D00590F5C /* NutritionLabelViewController.swift */ = {isa = PBXFileReference; lastKnownFileType = sourcecode.swift; path = NutritionLabelViewController.swift; sourceTree = "<group>"; };
		F845760628040F8800590F5C /* DietViewController.swift */ = {isa = PBXFileReference; lastKnownFileType = sourcecode.swift; path = DietViewController.swift; sourceTree = "<group>"; };
		F845760828040F9200590F5C /* ExerciseViewController.swift */ = {isa = PBXFileReference; lastKnownFileType = sourcecode.swift; path = ExerciseViewController.swift; sourceTree = "<group>"; };
		F85C3515281209600068A5F5 /* Weather.swift */ = {isa = PBXFileReference; lastKnownFileType = sourcecode.swift; path = Weather.swift; sourceTree = "<group>"; };
		F85C353F28161C100068A5F5 /* nutrition.csv */ = {isa = PBXFileReference; fileEncoding = 4; lastKnownFileType = text; path = nutrition.csv; sourceTree = "<group>"; };
		F861AF77280FADB300A73F28 /* DashboardViewController.swift */ = {isa = PBXFileReference; lastKnownFileType = sourcecode.swift; path = DashboardViewController.swift; sourceTree = "<group>"; };
		F861AF7B280FAF5B00A73F28 /* Dashboard.storyboard */ = {isa = PBXFileReference; fileEncoding = 4; lastKnownFileType = file.storyboard; path = Dashboard.storyboard; sourceTree = "<group>"; };
		F861B9152807F6DA00874872 /* CoreDataHandler.swift */ = {isa = PBXFileReference; lastKnownFileType = sourcecode.swift; path = CoreDataHandler.swift; sourceTree = "<group>"; };
		F861B92C280B774800874872 /* ParsedNutritionLabelViewController.swift */ = {isa = PBXFileReference; lastKnownFileType = sourcecode.swift; path = ParsedNutritionLabelViewController.swift; sourceTree = "<group>"; };
		F861B92D280B774800874872 /* ParsedNutritionLabelViewController.xib */ = {isa = PBXFileReference; lastKnownFileType = file.xib; path = ParsedNutritionLabelViewController.xib; sourceTree = "<group>"; };
		F88A675B281BA6F300758D11 /* LogNutritionAndActivityViewController.swift */ = {isa = PBXFileReference; lastKnownFileType = sourcecode.swift; path = LogNutritionAndActivityViewController.swift; sourceTree = "<group>"; };
		F88A675C281BA6F300758D11 /* LogNutritionAndActivityViewController.xib */ = {isa = PBXFileReference; lastKnownFileType = file.xib; path = LogNutritionAndActivityViewController.xib; sourceTree = "<group>"; };
		F8B2327F28274F37007970B5 /* SuggestionViewController.swift */ = {isa = PBXFileReference; lastKnownFileType = sourcecode.swift; path = SuggestionViewController.swift; sourceTree = "<group>"; };
		F8B232832827507F007970B5 /* SuggestionViewController.storyboard */ = {isa = PBXFileReference; lastKnownFileType = file.storyboard; path = SuggestionViewController.storyboard; sourceTree = "<group>"; };
		F8B4C217281CB61C005810C9 /* UserHistoryViewController.storyboard */ = {isa = PBXFileReference; lastKnownFileType = file.storyboard; path = UserHistoryViewController.storyboard; sourceTree = "<group>"; };
		F8B4C219281CB8FF005810C9 /* UserHistoryViewController.swift */ = {isa = PBXFileReference; lastKnownFileType = sourcecode.swift; path = UserHistoryViewController.swift; sourceTree = "<group>"; };
/* End PBXFileReference section */

/* Begin PBXFrameworksBuildPhase section */
		F84575B628020DB900590F5C /* Frameworks */ = {
			isa = PBXFrameworksBuildPhase;
			buildActionMask = 2147483647;
			files = (
				B9979EF7281B98DE00C3A8C7 /* Charts in Frameworks */,
				B95FFF87281CC995007D39A0 /* TinyConstraints in Frameworks */,
			);
			runOnlyForDeploymentPostprocessing = 0;
		};
		F84575CF28020DBB00590F5C /* Frameworks */ = {
			isa = PBXFrameworksBuildPhase;
			buildActionMask = 2147483647;
			files = (
			);
			runOnlyForDeploymentPostprocessing = 0;
		};
		F84575D928020DBB00590F5C /* Frameworks */ = {
			isa = PBXFrameworksBuildPhase;
			buildActionMask = 2147483647;
			files = (
			);
			runOnlyForDeploymentPostprocessing = 0;
		};
/* End PBXFrameworksBuildPhase section */

/* Begin PBXGroup section */
		F84575B028020DB900590F5C = {
			isa = PBXGroup;
			children = (
				F84575BB28020DB900590F5C /* HealthPRO */,
				F84575D528020DBB00590F5C /* HealthPROTests */,
				F84575DF28020DBB00590F5C /* HealthPROUITests */,
				F84575BA28020DB900590F5C /* Products */,
			);
			sourceTree = "<group>";
		};
		F84575BA28020DB900590F5C /* Products */ = {
			isa = PBXGroup;
			children = (
				F84575B928020DB900590F5C /* HealthPRO.app */,
				F84575D228020DBB00590F5C /* HealthPROTests.xctest */,
				F84575DC28020DBB00590F5C /* HealthPROUITests.xctest */,
			);
			name = Products;
			sourceTree = "<group>";
		};
		F84575BB28020DB900590F5C /* HealthPRO */ = {
			isa = PBXGroup;
			children = (
				F84575BC28020DB900590F5C /* AppDelegate.swift */,
				F84575BE28020DB900590F5C /* SceneDelegate.swift */,
				F8B4C1B6281C6396005810C9 /* Core Data Model */,
				F845760B2804108A00590F5C /* Tabs */,
				F84575C228020DB900590F5C /* Main.storyboard */,
				F84575C028020DB900590F5C /* LoginViewController.swift */,
				F861B92D280B774800874872 /* ParsedNutritionLabelViewController.xib */,
				F861B92C280B774800874872 /* ParsedNutritionLabelViewController.swift */,
				F88A675C281BA6F300758D11 /* LogNutritionAndActivityViewController.xib */,
				F88A675B281BA6F300758D11 /* LogNutritionAndActivityViewController.swift */,
				F844AEF6281B492F000FBCF1 /* ActivityInfoViewController.xib */,
				F844AEF5281B492F000FBCF1 /* ActivityInfoViewController.swift */,
				F8B4C217281CB61C005810C9 /* UserHistoryViewController.storyboard */,
				F8B4C219281CB8FF005810C9 /* UserHistoryViewController.swift */,
				F8B232832827507F007970B5 /* SuggestionViewController.storyboard */,
				F8B2327F28274F37007970B5 /* SuggestionViewController.swift */,
				F85C353E28161BCF0068A5F5 /* pre-pop data */,
				F861B9152807F6DA00874872 /* CoreDataHandler.swift */,
				F85C3515281209600068A5F5 /* Weather.swift */,
				F84575C828020DBB00590F5C /* Assets.xcassets */,
				F84575CA28020DBB00590F5C /* LaunchScreen.storyboard */,
				F84575CD28020DBB00590F5C /* Info.plist */,
				F84575C528020DB900590F5C /* HealthPRO.xcdatamodeld */,
			);
			path = HealthPRO;
			sourceTree = "<group>";
		};
		F84575D528020DBB00590F5C /* HealthPROTests */ = {
			isa = PBXGroup;
			children = (
				F84575D628020DBB00590F5C /* HealthPROTests.swift */,
			);
			path = HealthPROTests;
			sourceTree = "<group>";
		};
		F84575DF28020DBB00590F5C /* HealthPROUITests */ = {
			isa = PBXGroup;
			children = (
				F84575E028020DBB00590F5C /* HealthPROUITests.swift */,
				F84575E228020DBB00590F5C /* HealthPROUITestsLaunchTests.swift */,
			);
			path = HealthPROUITests;
			sourceTree = "<group>";
		};
		F845760B2804108A00590F5C /* Tabs */ = {
			isa = PBXGroup;
			children = (
				F861AF7B280FAF5B00A73F28 /* Dashboard.storyboard */,
				F861AF77280FADB300A73F28 /* DashboardViewController.swift */,
				F84575F42803E06A00590F5C /* Diet.storyboard */,
				F845760628040F8800590F5C /* DietViewController.swift */,
				F84575F62803E09100590F5C /* Exercise.storyboard */,
				F845760828040F9200590F5C /* ExerciseViewController.swift */,
				F84575F22803E04700590F5C /* NutritionLabel.storyboard */,
				F845760428040F7D00590F5C /* NutritionLabelViewController.swift */,
				F84575F02803E02E00590F5C /* Profile.storyboard */,
				F845760228040F6500590F5C /* ProfileViewController.swift */,
			);
			path = Tabs;
			sourceTree = "<group>";
		};
		F85C353E28161BCF0068A5F5 /* pre-pop data */ = {
			isa = PBXGroup;
			children = (
				F844AE0C28189838000FBCF1 /* activity.csv */,
				F85C353F28161C100068A5F5 /* nutrition.csv */,
				F8353101282A324A00D0E37E /* suggestions.csv */,
			);
			path = "pre-pop data";
			sourceTree = "<group>";
		};
		F8B4C1B6281C6396005810C9 /* Core Data Model */ = {
			isa = PBXGroup;
			children = (
			);
			path = "Core Data Model";
			sourceTree = "<group>";
		};
/* End PBXGroup section */

/* Begin PBXNativeTarget section */
		F84575B828020DB900590F5C /* HealthPRO */ = {
			isa = PBXNativeTarget;
			buildConfigurationList = F84575E628020DBB00590F5C /* Build configuration list for PBXNativeTarget "HealthPRO" */;
			buildPhases = (
				F84575B528020DB900590F5C /* Sources */,
				F84575B628020DB900590F5C /* Frameworks */,
				F84575B728020DB900590F5C /* Resources */,
			);
			buildRules = (
			);
			dependencies = (
			);
			name = HealthPRO;
			packageProductDependencies = (
				B9979EF6281B98DE00C3A8C7 /* Charts */,
				B95FFF86281CC995007D39A0 /* TinyConstraints */,
			);
			productName = HealthPRO;
			productReference = F84575B928020DB900590F5C /* HealthPRO.app */;
			productType = "com.apple.product-type.application";
		};
		F84575D128020DBB00590F5C /* HealthPROTests */ = {
			isa = PBXNativeTarget;
			buildConfigurationList = F84575E928020DBB00590F5C /* Build configuration list for PBXNativeTarget "HealthPROTests" */;
			buildPhases = (
				F84575CE28020DBB00590F5C /* Sources */,
				F84575CF28020DBB00590F5C /* Frameworks */,
				F84575D028020DBB00590F5C /* Resources */,
			);
			buildRules = (
			);
			dependencies = (
				F84575D428020DBB00590F5C /* PBXTargetDependency */,
			);
			name = HealthPROTests;
			productName = HealthPROTests;
			productReference = F84575D228020DBB00590F5C /* HealthPROTests.xctest */;
			productType = "com.apple.product-type.bundle.unit-test";
		};
		F84575DB28020DBB00590F5C /* HealthPROUITests */ = {
			isa = PBXNativeTarget;
			buildConfigurationList = F84575EC28020DBB00590F5C /* Build configuration list for PBXNativeTarget "HealthPROUITests" */;
			buildPhases = (
				F84575D828020DBB00590F5C /* Sources */,
				F84575D928020DBB00590F5C /* Frameworks */,
				F84575DA28020DBB00590F5C /* Resources */,
			);
			buildRules = (
			);
			dependencies = (
				F84575DE28020DBB00590F5C /* PBXTargetDependency */,
			);
			name = HealthPROUITests;
			productName = HealthPROUITests;
			productReference = F84575DC28020DBB00590F5C /* HealthPROUITests.xctest */;
			productType = "com.apple.product-type.bundle.ui-testing";
		};
/* End PBXNativeTarget section */

/* Begin PBXProject section */
		F84575B128020DB900590F5C /* Project object */ = {
			isa = PBXProject;
			attributes = {
				BuildIndependentTargetsInParallel = 1;
				LastSwiftUpdateCheck = 1300;
				LastUpgradeCheck = 1300;
				TargetAttributes = {
					F84575B828020DB900590F5C = {
						CreatedOnToolsVersion = 13.0;
					};
					F84575D128020DBB00590F5C = {
						CreatedOnToolsVersion = 13.0;
						TestTargetID = F84575B828020DB900590F5C;
					};
					F84575DB28020DBB00590F5C = {
						CreatedOnToolsVersion = 13.0;
						TestTargetID = F84575B828020DB900590F5C;
					};
				};
			};
			buildConfigurationList = F84575B428020DB900590F5C /* Build configuration list for PBXProject "HealthPRO" */;
			compatibilityVersion = "Xcode 13.0";
			developmentRegion = en;
			hasScannedForEncodings = 0;
			knownRegions = (
				en,
				Base,
			);
			mainGroup = F84575B028020DB900590F5C;
			packageReferences = (
				B9979EF5281B98DE00C3A8C7 /* XCRemoteSwiftPackageReference "Charts" */,
				B95FFF85281CC995007D39A0 /* XCRemoteSwiftPackageReference "TinyConstraints" */,
			);
			productRefGroup = F84575BA28020DB900590F5C /* Products */;
			projectDirPath = "";
			projectRoot = "";
			targets = (
				F84575B828020DB900590F5C /* HealthPRO */,
				F84575D128020DBB00590F5C /* HealthPROTests */,
				F84575DB28020DBB00590F5C /* HealthPROUITests */,
			);
		};
/* End PBXProject section */

/* Begin PBXResourcesBuildPhase section */
		F84575B728020DB900590F5C /* Resources */ = {
			isa = PBXResourcesBuildPhase;
			buildActionMask = 2147483647;
			files = (
				F85C354028161C100068A5F5 /* nutrition.csv in Resources */,
				F844AE0D28189838000FBCF1 /* activity.csv in Resources */,
				F88A675E281BA6F300758D11 /* LogNutritionAndActivityViewController.xib in Resources */,
				F84575CC28020DBB00590F5C /* LaunchScreen.storyboard in Resources */,
				F8353102282A324A00D0E37E /* suggestions.csv in Resources */,
				F844AEF8281B492F000FBCF1 /* ActivityInfoViewController.xib in Resources */,
				F861B92F280B774800874872 /* ParsedNutritionLabelViewController.xib in Resources */,
				F84575C928020DBB00590F5C /* Assets.xcassets in Resources */,
				F84575F52803E06A00590F5C /* Diet.storyboard in Resources */,
				F84575F72803E09100590F5C /* Exercise.storyboard in Resources */,
				F84575F32803E04700590F5C /* NutritionLabel.storyboard in Resources */,
				F84575F12803E02E00590F5C /* Profile.storyboard in Resources */,
				F861AF7C280FAF5B00A73F28 /* Dashboard.storyboard in Resources */,
				F8B4C218281CB61C005810C9 /* UserHistoryViewController.storyboard in Resources */,
				F8B232842827507F007970B5 /* SuggestionViewController.storyboard in Resources */,
				F84575C428020DB900590F5C /* Main.storyboard in Resources */,
			);
			runOnlyForDeploymentPostprocessing = 0;
		};
		F84575D028020DBB00590F5C /* Resources */ = {
			isa = PBXResourcesBuildPhase;
			buildActionMask = 2147483647;
			files = (
			);
			runOnlyForDeploymentPostprocessing = 0;
		};
		F84575DA28020DBB00590F5C /* Resources */ = {
			isa = PBXResourcesBuildPhase;
			buildActionMask = 2147483647;
			files = (
			);
			runOnlyForDeploymentPostprocessing = 0;
		};
/* End PBXResourcesBuildPhase section */

/* Begin PBXSourcesBuildPhase section */
		F84575B528020DB900590F5C /* Sources */ = {
			isa = PBXSourcesBuildPhase;
			buildActionMask = 2147483647;
			files = (
				F844AEF7281B492F000FBCF1 /* ActivityInfoViewController.swift in Sources */,
				F84575C128020DB900590F5C /* LoginViewController.swift in Sources */,
				F84575C728020DB900590F5C /* HealthPRO.xcdatamodeld in Sources */,
				F845760328040F6500590F5C /* ProfileViewController.swift in Sources */,
				F845760728040F8800590F5C /* DietViewController.swift in Sources */,
				F88A675D281BA6F300758D11 /* LogNutritionAndActivityViewController.swift in Sources */,
				F84575BD28020DB900590F5C /* AppDelegate.swift in Sources */,
				F845760528040F7D00590F5C /* NutritionLabelViewController.swift in Sources */,
				F8B4C21A281CB8FF005810C9 /* UserHistoryViewController.swift in Sources */,
				F861AF79280FADB300A73F28 /* DashboardViewController.swift in Sources */,
				F85C3516281209600068A5F5 /* Weather.swift in Sources */,
				F861B9162807F6DA00874872 /* CoreDataHandler.swift in Sources */,
				F861B92E280B774800874872 /* ParsedNutritionLabelViewController.swift in Sources */,
				F845760928040F9200590F5C /* ExerciseViewController.swift in Sources */,
				F8B2328128274F37007970B5 /* SuggestionViewController.swift in Sources */,
				F84575BF28020DB900590F5C /* SceneDelegate.swift in Sources */,
			);
			runOnlyForDeploymentPostprocessing = 0;
		};
		F84575CE28020DBB00590F5C /* Sources */ = {
			isa = PBXSourcesBuildPhase;
			buildActionMask = 2147483647;
			files = (
				F84575D728020DBB00590F5C /* HealthPROTests.swift in Sources */,
			);
			runOnlyForDeploymentPostprocessing = 0;
		};
		F84575D828020DBB00590F5C /* Sources */ = {
			isa = PBXSourcesBuildPhase;
			buildActionMask = 2147483647;
			files = (
				F84575E328020DBB00590F5C /* HealthPROUITestsLaunchTests.swift in Sources */,
				F84575E128020DBB00590F5C /* HealthPROUITests.swift in Sources */,
			);
			runOnlyForDeploymentPostprocessing = 0;
		};
/* End PBXSourcesBuildPhase section */

/* Begin PBXTargetDependency section */
		F84575D428020DBB00590F5C /* PBXTargetDependency */ = {
			isa = PBXTargetDependency;
			target = F84575B828020DB900590F5C /* HealthPRO */;
			targetProxy = F84575D328020DBB00590F5C /* PBXContainerItemProxy */;
		};
		F84575DE28020DBB00590F5C /* PBXTargetDependency */ = {
			isa = PBXTargetDependency;
			target = F84575B828020DB900590F5C /* HealthPRO */;
			targetProxy = F84575DD28020DBB00590F5C /* PBXContainerItemProxy */;
		};
/* End PBXTargetDependency section */

/* Begin PBXVariantGroup section */
		F84575C228020DB900590F5C /* Main.storyboard */ = {
			isa = PBXVariantGroup;
			children = (
				F84575C328020DB900590F5C /* Base */,
			);
			name = Main.storyboard;
			sourceTree = "<group>";
		};
		F84575CA28020DBB00590F5C /* LaunchScreen.storyboard */ = {
			isa = PBXVariantGroup;
			children = (
				F84575CB28020DBB00590F5C /* Base */,
			);
			name = LaunchScreen.storyboard;
			sourceTree = "<group>";
		};
/* End PBXVariantGroup section */

/* Begin XCBuildConfiguration section */
		F84575E428020DBB00590F5C /* Debug */ = {
			isa = XCBuildConfiguration;
			buildSettings = {
				ALWAYS_SEARCH_USER_PATHS = NO;
				CLANG_ANALYZER_NONNULL = YES;
				CLANG_ANALYZER_NUMBER_OBJECT_CONVERSION = YES_AGGRESSIVE;
				CLANG_CXX_LANGUAGE_STANDARD = "gnu++17";
				CLANG_CXX_LIBRARY = "libc++";
				CLANG_ENABLE_MODULES = YES;
				CLANG_ENABLE_OBJC_ARC = YES;
				CLANG_ENABLE_OBJC_WEAK = YES;
				CLANG_WARN_BLOCK_CAPTURE_AUTORELEASING = YES;
				CLANG_WARN_BOOL_CONVERSION = YES;
				CLANG_WARN_COMMA = YES;
				CLANG_WARN_CONSTANT_CONVERSION = YES;
				CLANG_WARN_DEPRECATED_OBJC_IMPLEMENTATIONS = YES;
				CLANG_WARN_DIRECT_OBJC_ISA_USAGE = YES_ERROR;
				CLANG_WARN_DOCUMENTATION_COMMENTS = YES;
				CLANG_WARN_EMPTY_BODY = YES;
				CLANG_WARN_ENUM_CONVERSION = YES;
				CLANG_WARN_INFINITE_RECURSION = YES;
				CLANG_WARN_INT_CONVERSION = YES;
				CLANG_WARN_NON_LITERAL_NULL_CONVERSION = YES;
				CLANG_WARN_OBJC_IMPLICIT_RETAIN_SELF = YES;
				CLANG_WARN_OBJC_LITERAL_CONVERSION = YES;
				CLANG_WARN_OBJC_ROOT_CLASS = YES_ERROR;
				CLANG_WARN_QUOTED_INCLUDE_IN_FRAMEWORK_HEADER = YES;
				CLANG_WARN_RANGE_LOOP_ANALYSIS = YES;
				CLANG_WARN_STRICT_PROTOTYPES = YES;
				CLANG_WARN_SUSPICIOUS_MOVE = YES;
				CLANG_WARN_UNGUARDED_AVAILABILITY = YES_AGGRESSIVE;
				CLANG_WARN_UNREACHABLE_CODE = YES;
				CLANG_WARN__DUPLICATE_METHOD_MATCH = YES;
				COPY_PHASE_STRIP = NO;
				DEBUG_INFORMATION_FORMAT = dwarf;
				ENABLE_STRICT_OBJC_MSGSEND = YES;
				ENABLE_TESTABILITY = YES;
				GCC_C_LANGUAGE_STANDARD = gnu11;
				GCC_DYNAMIC_NO_PIC = NO;
				GCC_NO_COMMON_BLOCKS = YES;
				GCC_OPTIMIZATION_LEVEL = 0;
				GCC_PREPROCESSOR_DEFINITIONS = (
					"DEBUG=1",
					"$(inherited)",
				);
				GCC_WARN_64_TO_32_BIT_CONVERSION = YES;
				GCC_WARN_ABOUT_RETURN_TYPE = YES_ERROR;
				GCC_WARN_UNDECLARED_SELECTOR = YES;
				GCC_WARN_UNINITIALIZED_AUTOS = YES_AGGRESSIVE;
				GCC_WARN_UNUSED_FUNCTION = YES;
				GCC_WARN_UNUSED_VARIABLE = YES;
				IPHONEOS_DEPLOYMENT_TARGET = 15.0;
				MTL_ENABLE_DEBUG_INFO = INCLUDE_SOURCE;
				MTL_FAST_MATH = YES;
				ONLY_ACTIVE_ARCH = YES;
				SDKROOT = iphoneos;
				SWIFT_ACTIVE_COMPILATION_CONDITIONS = DEBUG;
				SWIFT_OPTIMIZATION_LEVEL = "-Onone";
			};
			name = Debug;
		};
		F84575E528020DBB00590F5C /* Release */ = {
			isa = XCBuildConfiguration;
			buildSettings = {
				ALWAYS_SEARCH_USER_PATHS = NO;
				CLANG_ANALYZER_NONNULL = YES;
				CLANG_ANALYZER_NUMBER_OBJECT_CONVERSION = YES_AGGRESSIVE;
				CLANG_CXX_LANGUAGE_STANDARD = "gnu++17";
				CLANG_CXX_LIBRARY = "libc++";
				CLANG_ENABLE_MODULES = YES;
				CLANG_ENABLE_OBJC_ARC = YES;
				CLANG_ENABLE_OBJC_WEAK = YES;
				CLANG_WARN_BLOCK_CAPTURE_AUTORELEASING = YES;
				CLANG_WARN_BOOL_CONVERSION = YES;
				CLANG_WARN_COMMA = YES;
				CLANG_WARN_CONSTANT_CONVERSION = YES;
				CLANG_WARN_DEPRECATED_OBJC_IMPLEMENTATIONS = YES;
				CLANG_WARN_DIRECT_OBJC_ISA_USAGE = YES_ERROR;
				CLANG_WARN_DOCUMENTATION_COMMENTS = YES;
				CLANG_WARN_EMPTY_BODY = YES;
				CLANG_WARN_ENUM_CONVERSION = YES;
				CLANG_WARN_INFINITE_RECURSION = YES;
				CLANG_WARN_INT_CONVERSION = YES;
				CLANG_WARN_NON_LITERAL_NULL_CONVERSION = YES;
				CLANG_WARN_OBJC_IMPLICIT_RETAIN_SELF = YES;
				CLANG_WARN_OBJC_LITERAL_CONVERSION = YES;
				CLANG_WARN_OBJC_ROOT_CLASS = YES_ERROR;
				CLANG_WARN_QUOTED_INCLUDE_IN_FRAMEWORK_HEADER = YES;
				CLANG_WARN_RANGE_LOOP_ANALYSIS = YES;
				CLANG_WARN_STRICT_PROTOTYPES = YES;
				CLANG_WARN_SUSPICIOUS_MOVE = YES;
				CLANG_WARN_UNGUARDED_AVAILABILITY = YES_AGGRESSIVE;
				CLANG_WARN_UNREACHABLE_CODE = YES;
				CLANG_WARN__DUPLICATE_METHOD_MATCH = YES;
				COPY_PHASE_STRIP = NO;
				DEBUG_INFORMATION_FORMAT = "dwarf-with-dsym";
				ENABLE_NS_ASSERTIONS = NO;
				ENABLE_STRICT_OBJC_MSGSEND = YES;
				GCC_C_LANGUAGE_STANDARD = gnu11;
				GCC_NO_COMMON_BLOCKS = YES;
				GCC_WARN_64_TO_32_BIT_CONVERSION = YES;
				GCC_WARN_ABOUT_RETURN_TYPE = YES_ERROR;
				GCC_WARN_UNDECLARED_SELECTOR = YES;
				GCC_WARN_UNINITIALIZED_AUTOS = YES_AGGRESSIVE;
				GCC_WARN_UNUSED_FUNCTION = YES;
				GCC_WARN_UNUSED_VARIABLE = YES;
				IPHONEOS_DEPLOYMENT_TARGET = 15.0;
				MTL_ENABLE_DEBUG_INFO = NO;
				MTL_FAST_MATH = YES;
				SDKROOT = iphoneos;
				SWIFT_COMPILATION_MODE = wholemodule;
				SWIFT_OPTIMIZATION_LEVEL = "-O";
				VALIDATE_PRODUCT = YES;
			};
			name = Release;
		};
		F84575E728020DBB00590F5C /* Debug */ = {
			isa = XCBuildConfiguration;
			buildSettings = {
				ASSETCATALOG_COMPILER_APPICON_NAME = AppIcon;
				ASSETCATALOG_COMPILER_GLOBAL_ACCENT_COLOR_NAME = AccentColor;
				CODE_SIGN_STYLE = Automatic;
				CURRENT_PROJECT_VERSION = 1;
				DEVELOPMENT_TEAM = YQD9CG8P86;
				GENERATE_INFOPLIST_FILE = YES;
				INFOPLIST_FILE = HealthPRO/Info.plist;
				INFOPLIST_KEY_NSCameraUsageDescription = "Camera access is needed to scan the document";
				INFOPLIST_KEY_NSFaceIDUsageDescription = "Biometric needed for login ";
				INFOPLIST_KEY_NSLocationWhenInUseUsageDescription = "Location is needed to suggest Workouts";
				INFOPLIST_KEY_NSPhotoLibraryUsageDescription = "Need to access photo library to scan image";
				INFOPLIST_KEY_UIApplicationSupportsIndirectInputEvents = YES;
				INFOPLIST_KEY_UILaunchStoryboardName = LaunchScreen;
				INFOPLIST_KEY_UIMainStoryboardFile = Main;
				INFOPLIST_KEY_UISupportedInterfaceOrientations = UIInterfaceOrientationPortrait;
				INFOPLIST_KEY_UISupportedInterfaceOrientations_iPad = UIInterfaceOrientationPortrait;
				INFOPLIST_KEY_UISupportedInterfaceOrientations_iPhone = UIInterfaceOrientationPortrait;
				LD_RUNPATH_SEARCH_PATHS = (
					"$(inherited)",
					"@executable_path/Frameworks",
				);
				MARKETING_VERSION = 1.0;
				PRODUCT_BUNDLE_IDENTIFIER = sps.northwestern.cis498.HealthPRO;
				PRODUCT_NAME = "$(TARGET_NAME)";
				SWIFT_EMIT_LOC_STRINGS = YES;
				SWIFT_VERSION = 5.0;
				TARGETED_DEVICE_FAMILY = "1,2";
			};
			name = Debug;
		};
		F84575E828020DBB00590F5C /* Release */ = {
			isa = XCBuildConfiguration;
			buildSettings = {
				ASSETCATALOG_COMPILER_APPICON_NAME = AppIcon;
				ASSETCATALOG_COMPILER_GLOBAL_ACCENT_COLOR_NAME = AccentColor;
				CODE_SIGN_STYLE = Automatic;
				CURRENT_PROJECT_VERSION = 1;
				DEVELOPMENT_TEAM = YQD9CG8P86;
				GENERATE_INFOPLIST_FILE = YES;
				INFOPLIST_FILE = HealthPRO/Info.plist;
				INFOPLIST_KEY_NSCameraUsageDescription = "Camera access is needed to scan the document";
				INFOPLIST_KEY_NSFaceIDUsageDescription = "Biometric needed for login ";
				INFOPLIST_KEY_NSLocationWhenInUseUsageDescription = "Location is needed to suggest Workouts";
				INFOPLIST_KEY_NSPhotoLibraryUsageDescription = "Need to access photo library to scan image";
				INFOPLIST_KEY_UIApplicationSupportsIndirectInputEvents = YES;
				INFOPLIST_KEY_UILaunchStoryboardName = LaunchScreen;
				INFOPLIST_KEY_UIMainStoryboardFile = Main;
				INFOPLIST_KEY_UISupportedInterfaceOrientations = UIInterfaceOrientationPortrait;
				INFOPLIST_KEY_UISupportedInterfaceOrientations_iPad = UIInterfaceOrientationPortrait;
				INFOPLIST_KEY_UISupportedInterfaceOrientations_iPhone = UIInterfaceOrientationPortrait;
				LD_RUNPATH_SEARCH_PATHS = (
					"$(inherited)",
					"@executable_path/Frameworks",
				);
				MARKETING_VERSION = 1.0;
				PRODUCT_BUNDLE_IDENTIFIER = sps.northwestern.cis498.HealthPRO;
				PRODUCT_NAME = "$(TARGET_NAME)";
				SWIFT_EMIT_LOC_STRINGS = YES;
				SWIFT_VERSION = 5.0;
				TARGETED_DEVICE_FAMILY = "1,2";
			};
			name = Release;
		};
		F84575EA28020DBB00590F5C /* Debug */ = {
			isa = XCBuildConfiguration;
			buildSettings = {
				ALWAYS_EMBED_SWIFT_STANDARD_LIBRARIES = YES;
				BUNDLE_LOADER = "$(TEST_HOST)";
				CODE_SIGN_STYLE = Automatic;
				CURRENT_PROJECT_VERSION = 1;
				DEVELOPMENT_TEAM = YQD9CG8P86;
				GENERATE_INFOPLIST_FILE = YES;
				IPHONEOS_DEPLOYMENT_TARGET = 15.0;
				LD_RUNPATH_SEARCH_PATHS = (
					"$(inherited)",
					"@executable_path/Frameworks",
					"@loader_path/Frameworks",
				);
				MARKETING_VERSION = 1.0;
				PRODUCT_BUNDLE_IDENTIFIER = sps.northwestern.cis498.HealthPROTests;
				PRODUCT_NAME = "$(TARGET_NAME)";
				SWIFT_EMIT_LOC_STRINGS = NO;
				SWIFT_VERSION = 5.0;
				TARGETED_DEVICE_FAMILY = "1,2";
				TEST_HOST = "$(BUILT_PRODUCTS_DIR)/HealthPRO.app/HealthPRO";
			};
			name = Debug;
		};
		F84575EB28020DBB00590F5C /* Release */ = {
			isa = XCBuildConfiguration;
			buildSettings = {
				ALWAYS_EMBED_SWIFT_STANDARD_LIBRARIES = YES;
				BUNDLE_LOADER = "$(TEST_HOST)";
				CODE_SIGN_STYLE = Automatic;
				CURRENT_PROJECT_VERSION = 1;
				DEVELOPMENT_TEAM = YQD9CG8P86;
				GENERATE_INFOPLIST_FILE = YES;
				IPHONEOS_DEPLOYMENT_TARGET = 15.0;
				LD_RUNPATH_SEARCH_PATHS = (
					"$(inherited)",
					"@executable_path/Frameworks",
					"@loader_path/Frameworks",
				);
				MARKETING_VERSION = 1.0;
				PRODUCT_BUNDLE_IDENTIFIER = sps.northwestern.cis498.HealthPROTests;
				PRODUCT_NAME = "$(TARGET_NAME)";
				SWIFT_EMIT_LOC_STRINGS = NO;
				SWIFT_VERSION = 5.0;
				TARGETED_DEVICE_FAMILY = "1,2";
				TEST_HOST = "$(BUILT_PRODUCTS_DIR)/HealthPRO.app/HealthPRO";
			};
			name = Release;
		};
		F84575ED28020DBB00590F5C /* Debug */ = {
			isa = XCBuildConfiguration;
			buildSettings = {
				ALWAYS_EMBED_SWIFT_STANDARD_LIBRARIES = YES;
				CODE_SIGN_STYLE = Automatic;
				CURRENT_PROJECT_VERSION = 1;
				DEVELOPMENT_TEAM = YQD9CG8P86;
				GENERATE_INFOPLIST_FILE = YES;
				LD_RUNPATH_SEARCH_PATHS = (
					"$(inherited)",
					"@executable_path/Frameworks",
					"@loader_path/Frameworks",
				);
				MARKETING_VERSION = 1.0;
				PRODUCT_BUNDLE_IDENTIFIER = sps.northwestern.cis498.HealthPROUITests;
				PRODUCT_NAME = "$(TARGET_NAME)";
				SWIFT_EMIT_LOC_STRINGS = NO;
				SWIFT_VERSION = 5.0;
				TARGETED_DEVICE_FAMILY = "1,2";
				TEST_TARGET_NAME = HealthPRO;
			};
			name = Debug;
		};
		F84575EE28020DBB00590F5C /* Release */ = {
			isa = XCBuildConfiguration;
			buildSettings = {
				ALWAYS_EMBED_SWIFT_STANDARD_LIBRARIES = YES;
				CODE_SIGN_STYLE = Automatic;
				CURRENT_PROJECT_VERSION = 1;
				DEVELOPMENT_TEAM = YQD9CG8P86;
				GENERATE_INFOPLIST_FILE = YES;
				LD_RUNPATH_SEARCH_PATHS = (
					"$(inherited)",
					"@executable_path/Frameworks",
					"@loader_path/Frameworks",
				);
				MARKETING_VERSION = 1.0;
				PRODUCT_BUNDLE_IDENTIFIER = sps.northwestern.cis498.HealthPROUITests;
				PRODUCT_NAME = "$(TARGET_NAME)";
				SWIFT_EMIT_LOC_STRINGS = NO;
				SWIFT_VERSION = 5.0;
				TARGETED_DEVICE_FAMILY = "1,2";
				TEST_TARGET_NAME = HealthPRO;
			};
			name = Release;
		};
/* End XCBuildConfiguration section */

/* Begin XCConfigurationList section */
		F84575B428020DB900590F5C /* Build configuration list for PBXProject "HealthPRO" */ = {
			isa = XCConfigurationList;
			buildConfigurations = (
				F84575E428020DBB00590F5C /* Debug */,
				F84575E528020DBB00590F5C /* Release */,
			);
			defaultConfigurationIsVisible = 0;
			defaultConfigurationName = Release;
		};
		F84575E628020DBB00590F5C /* Build configuration list for PBXNativeTarget "HealthPRO" */ = {
			isa = XCConfigurationList;
			buildConfigurations = (
				F84575E728020DBB00590F5C /* Debug */,
				F84575E828020DBB00590F5C /* Release */,
			);
			defaultConfigurationIsVisible = 0;
			defaultConfigurationName = Release;
		};
		F84575E928020DBB00590F5C /* Build configuration list for PBXNativeTarget "HealthPROTests" */ = {
			isa = XCConfigurationList;
			buildConfigurations = (
				F84575EA28020DBB00590F5C /* Debug */,
				F84575EB28020DBB00590F5C /* Release */,
			);
			defaultConfigurationIsVisible = 0;
			defaultConfigurationName = Release;
		};
		F84575EC28020DBB00590F5C /* Build configuration list for PBXNativeTarget "HealthPROUITests" */ = {
			isa = XCConfigurationList;
			buildConfigurations = (
				F84575ED28020DBB00590F5C /* Debug */,
				F84575EE28020DBB00590F5C /* Release */,
			);
			defaultConfigurationIsVisible = 0;
			defaultConfigurationName = Release;
		};
/* End XCConfigurationList section */

/* Begin XCRemoteSwiftPackageReference section */
		B95FFF85281CC995007D39A0 /* XCRemoteSwiftPackageReference "TinyConstraints" */ = {
			isa = XCRemoteSwiftPackageReference;
			repositoryURL = "https://github.com/roberthein/TinyConstraints.git";
			requirement = {
				kind = upToNextMajorVersion;
				minimumVersion = 4.0.0;
			};
		};
		B9979EF5281B98DE00C3A8C7 /* XCRemoteSwiftPackageReference "Charts" */ = {
			isa = XCRemoteSwiftPackageReference;
			repositoryURL = "https://github.com/danielgindi/Charts.git";
			requirement = {
				kind = upToNextMajorVersion;
				minimumVersion = 3.0.0;
			};
		};
/* End XCRemoteSwiftPackageReference section */

/* Begin XCSwiftPackageProductDependency section */
		B95FFF86281CC995007D39A0 /* TinyConstraints */ = {
			isa = XCSwiftPackageProductDependency;
			package = B95FFF85281CC995007D39A0 /* XCRemoteSwiftPackageReference "TinyConstraints" */;
			productName = TinyConstraints;
		};
		B9979EF6281B98DE00C3A8C7 /* Charts */ = {
			isa = XCSwiftPackageProductDependency;
			package = B9979EF5281B98DE00C3A8C7 /* XCRemoteSwiftPackageReference "Charts" */;
			productName = Charts;
		};
/* End XCSwiftPackageProductDependency section */

/* Begin XCVersionGroup section */
		F84575C528020DB900590F5C /* HealthPRO.xcdatamodeld */ = {
			isa = XCVersionGroup;
			children = (
				F84575C628020DB900590F5C /* HealthPRO.xcdatamodel */,
			);
			currentVersion = F84575C628020DB900590F5C /* HealthPRO.xcdatamodel */;
			path = HealthPRO.xcdatamodeld;
			sourceTree = "<group>";
			versionGroupType = wrapper.xcdatamodel;
		};
/* End XCVersionGroup section */
	};
	rootObject = F84575B128020DB900590F5C /* Project object */;
}
